
Microsoft Visual Studio Solution File, Format Version 12.00
# Visual Studio Version 17
VisualStudioVersion = 17.6.33712.159
MinimumVisualStudioVersion = 10.0.40219.1
Project("{FAE04EC0-301F-11D3-BF4B-00C04F79EFBC}") = "MyCustomComputers", "MyCustomComputers\MyCustomComputers.csproj", "{5D58BBB9-F2AA-4E35-AED0-F1A3B6689071}"
EndProject
Global
	GlobalSection(SolutionConfigurationPlatforms) = preSolution
		Debug|Any CPU = Debug|Any CPU
		Release|Any CPU = Release|Any CPU
	EndGlobalSection
	GlobalSection(ProjectConfigurationPlatforms) = postSolution
		{5D58BBB9-F2AA-4E35-AED0-F1A3B6689071}.Debug|Any CPU.ActiveCfg = Debug|Any CPU
		{5D58BBB9-F2AA-4E35-AED0-F1A3B6689071}.Debug|Any CPU.Build.0 = Debug|Any CPU
		{5D58BBB9-F2AA-4E35-AED0-F1A3B6689071}.Release|Any CPU.ActiveCfg = Release|Any CPU
		{5D58BBB9-F2AA-4E35-AED0-F1A3B6689071}.Release|Any CPU.Build.0 = Release|Any CPU
	EndGlobalSection
	GlobalSection(SolutionProperties) = preSolution
		HideSolutionNode = FALSE
	EndGlobalSection
	GlobalSection(ExtensibilityGlobals) = postSolution
		SolutionGuid = {C6420EFC-6B02-4513-9AC4-2582C7C15D1D}
	EndGlobalSection
EndGlobal
